// !$*UTF8*$!
{
	archiveVersion = 1;
	classes = {
	};
	objectVersion = 56;
	objects = {

/* Begin PBXBuildFile section */
		339ABEC929C8091E00F206B4 /* AppDelegate.m in Sources */ = {isa = PBXBuildFile; fileRef = 339ABEC829C8091E00F206B4 /* AppDelegate.m */; };
		339ABECC29C8091E00F206B4 /* SceneDelegate.m in Sources */ = {isa = PBXBuildFile; fileRef = 339ABECB29C8091E00F206B4 /* SceneDelegate.m */; };
		339ABECF29C8091E00F206B4 /* ViewController.m in Sources */ = {isa = PBXBuildFile; fileRef = 339ABECE29C8091E00F206B4 /* ViewController.m */; };
		339ABED229C8091E00F206B4 /* Main.storyboard in Resources */ = {isa = PBXBuildFile; fileRef = 339ABED029C8091E00F206B4 /* Main.storyboard */; };
		339ABED429C8092000F206B4 /* Assets.xcassets in Resources */ = {isa = PBXBuildFile; fileRef = 339ABED329C8092000F206B4 /* Assets.xcassets */; };
		339ABED729C8092000F206B4 /* LaunchScreen.storyboard in Resources */ = {isa = PBXBuildFile; fileRef = 339ABED529C8092000F206B4 /* LaunchScreen.storyboard */; };
		339ABEDA29C8092000F206B4 /* main.m in Sources */ = {isa = PBXBuildFile; fileRef = 339ABED929C8092000F206B4 /* main.m */; };
		339ABEE129C9BD2400F206B4 /* CellView.m in Sources */ = {isa = PBXBuildFile; fileRef = 339ABEE029C9BD2400F206B4 /* CellView.m */; };
		339ABEE629C9BEFB00F206B4 /* DigitView.m in Sources */ = {isa = PBXBuildFile; fileRef = 339ABEE529C9BEFB00F206B4 /* DigitView.m */; };
		339ABEE929CAA02600F206B4 /* InformationView.m in Sources */ = {isa = PBXBuildFile; fileRef = 339ABEE829CAA02600F206B4 /* InformationView.m */; };
		339ABEEC29CAA2FC00F206B4 /* GameView.m in Sources */ = {isa = PBXBuildFile; fileRef = 339ABEEB29CAA2FC00F206B4 /* GameView.m */; };
		339ABEF029CAA93900F206B4 /* ListViewController.m in Sources */ = {isa = PBXBuildFile; fileRef = 339ABEEF29CAA93900F206B4 /* ListViewController.m */; };
		339ABEF329CAA97100F206B4 /* Record.m in Sources */ = {isa = PBXBuildFile; fileRef = 339ABEF229CAA97100F206B4 /* Record.m */; };
		339ABEF629CAAA8F00F206B4 /* RecordList.m in Sources */ = {isa = PBXBuildFile; fileRef = 339ABEF529CAAA8F00F206B4 /* RecordList.m */; };
		339ABEF929CAAD4D00F206B4 /* InstructionViewController.m in Sources */ = {isa = PBXBuildFile; fileRef = 339ABEF829CAAD4D00F206B4 /* InstructionViewController.m */; };
		339ABEFC29CAADDE00F206B4 /* DragExitGestureRecognizer.m in Sources */ = {isa = PBXBuildFile; fileRef = 339ABEFB29CAADDE00F206B4 /* DragExitGestureRecognizer.m */; };
		339ABEFF29CAAE3300F206B4 /* PressGestureRecognizer.m in Sources */ = {isa = PBXBuildFile; fileRef = 339ABEFE29CAAE3300F206B4 /* PressGestureRecognizer.m */; };
		339ABF0229CAAE6400F206B4 /* PlayerModel.m in Sources */ = {isa = PBXBuildFile; fileRef = 339ABF0129CAAE6400F206B4 /* PlayerModel.m */; };
/* End PBXBuildFile section */

/* Begin PBXFileReference section */
		339ABEC429C8091E00F206B4 /* minesweeper.app */ = {isa = PBXFileReference; explicitFileType = wrapper.application; includeInIndex = 0; path = minesweeper.app; sourceTree = BUILT_PRODUCTS_DIR; };
		339ABEC729C8091E00F206B4 /* AppDelegate.h */ = {isa = PBXFileReference; lastKnownFileType = sourcecode.c.h; path = AppDelegate.h; sourceTree = "<group>"; };
		339ABEC829C8091E00F206B4 /* AppDelegate.m */ = {isa = PBXFileReference; lastKnownFileType = sourcecode.c.objc; path = AppDelegate.m; sourceTree = "<group>"; };
		339ABECA29C8091E00F206B4 /* SceneDelegate.h */ = {isa = PBXFileReference; lastKnownFileType = sourcecode.c.h; path = SceneDelegate.h; sourceTree = "<group>"; };
		339ABECB29C8091E00F206B4 /* SceneDelegate.m */ = {isa = PBXFileReference; lastKnownFileType = sourcecode.c.objc; path = SceneDelegate.m; sourceTree = "<group>"; };
		339ABECD29C8091E00F206B4 /* ViewController.h */ = {isa = PBXFileReference; lastKnownFileType = sourcecode.c.h; path = ViewController.h; sourceTree = "<group>"; };
		339ABECE29C8091E00F206B4 /* ViewController.m */ = {isa = PBXFileReference; lastKnownFileType = sourcecode.c.objc; path = ViewController.m; sourceTree = "<group>"; };
		339ABED129C8091E00F206B4 /* Base */ = {isa = PBXFileReference; lastKnownFileType = file.storyboard; name = Base; path = Base.lproj/Main.storyboard; sourceTree = "<group>"; };
		339ABED329C8092000F206B4 /* Assets.xcassets */ = {isa = PBXFileReference; lastKnownFileType = folder.assetcatalog; path = Assets.xcassets; sourceTree = "<group>"; };
		339ABED629C8092000F206B4 /* Base */ = {isa = PBXFileReference; lastKnownFileType = file.storyboard; name = Base; path = Base.lproj/LaunchScreen.storyboard; sourceTree = "<group>"; };
		339ABED829C8092000F206B4 /* Info.plist */ = {isa = PBXFileReference; lastKnownFileType = text.plist.xml; path = Info.plist; sourceTree = "<group>"; };
		339ABED929C8092000F206B4 /* main.m */ = {isa = PBXFileReference; lastKnownFileType = sourcecode.c.objc; path = main.m; sourceTree = "<group>"; };
		339ABEE029C9BD2400F206B4 /* CellView.m */ = {isa = PBXFileReference; lastKnownFileType = sourcecode.c.objc; path = CellView.m; sourceTree = "<group>"; };
		339ABEE329C9BD7500F206B4 /* CellView.h */ = {isa = PBXFileReference; lastKnownFileType = sourcecode.c.h; path = CellView.h; sourceTree = "<group>"; };
		339ABEE429C9BE8300F206B4 /* DigitView.h */ = {isa = PBXFileReference; lastKnownFileType = sourcecode.c.h; path = DigitView.h; sourceTree = "<group>"; };
		339ABEE529C9BEFB00F206B4 /* DigitView.m */ = {isa = PBXFileReference; lastKnownFileType = sourcecode.c.objc; path = DigitView.m; sourceTree = "<group>"; };
		339ABEE729CA9FC300F206B4 /* InformationView.h */ = {isa = PBXFileReference; lastKnownFileType = sourcecode.c.h; path = InformationView.h; sourceTree = "<group>"; };
		339ABEE829CAA02600F206B4 /* InformationView.m */ = {isa = PBXFileReference; lastKnownFileType = sourcecode.c.objc; path = InformationView.m; sourceTree = "<group>"; };
		339ABEEA29CAA2D500F206B4 /* GameView.h */ = {isa = PBXFileReference; lastKnownFileType = sourcecode.c.h; path = GameView.h; sourceTree = "<group>"; };
		339ABEEB29CAA2FC00F206B4 /* GameView.m */ = {isa = PBXFileReference; lastKnownFileType = sourcecode.c.objc; path = GameView.m; sourceTree = "<group>"; };
		339ABEED29CAA34A00F206B4 /* GameDelegate.h */ = {isa = PBXFileReference; lastKnownFileType = sourcecode.c.h; path = GameDelegate.h; sourceTree = "<group>"; };
		339ABEEE29CAA91E00F206B4 /* ListViewController.h */ = {isa = PBXFileReference; lastKnownFileType = sourcecode.c.h; path = ListViewController.h; sourceTree = "<group>"; };
		339ABEEF29CAA93900F206B4 /* ListViewController.m */ = {isa = PBXFileReference; lastKnownFileType = sourcecode.c.objc; path = ListViewController.m; sourceTree = "<group>"; };
		339ABEF129CAA95A00F206B4 /* Record.h */ = {isa = PBXFileReference; lastKnownFileType = sourcecode.c.h; path = Record.h; sourceTree = "<group>"; };
		339ABEF229CAA97100F206B4 /* Record.m */ = {isa = PBXFileReference; lastKnownFileType = sourcecode.c.objc; path = Record.m; sourceTree = "<group>"; };
		339ABEF429CAAA6600F206B4 /* RecordList.h */ = {isa = PBXFileReference; lastKnownFileType = sourcecode.c.h; path = RecordList.h; sourceTree = "<group>"; };
		339ABEF529CAAA8F00F206B4 /* RecordList.m */ = {isa = PBXFileReference; lastKnownFileType = sourcecode.c.objc; path = RecordList.m; sourceTree = "<group>"; };
		339ABEF729CAAD2F00F206B4 /* InstructionViewController.h */ = {isa = PBXFileReference; lastKnownFileType = sourcecode.c.h; path = InstructionViewController.h; sourceTree = "<group>"; };
		339ABEF829CAAD4D00F206B4 /* InstructionViewController.m */ = {isa = PBXFileReference; lastKnownFileType = sourcecode.c.objc; path = InstructionViewController.m; sourceTree = "<group>"; };
		339ABEFA29CAADAA00F206B4 /* DragExitGestureRecognizer.h */ = {isa = PBXFileReference; lastKnownFileType = sourcecode.c.h; path = DragExitGestureRecognizer.h; sourceTree = "<group>"; };
		339ABEFB29CAADDE00F206B4 /* DragExitGestureRecognizer.m */ = {isa = PBXFileReference; lastKnownFileType = sourcecode.c.objc; path = DragExitGestureRecognizer.m; sourceTree = "<group>"; };
		339ABEFD29CAAE0600F206B4 /* PressGestureRecognizer.h */ = {isa = PBXFileReference; lastKnownFileType = sourcecode.c.h; path = PressGestureRecognizer.h; sourceTree = "<group>"; };
		339ABEFE29CAAE3300F206B4 /* PressGestureRecognizer.m */ = {isa = PBXFileReference; lastKnownFileType = sourcecode.c.objc; path = PressGestureRecognizer.m; sourceTree = "<group>"; };
		339ABF0029CAAE5A00F206B4 /* PlayerModel.h */ = {isa = PBXFileReference; lastKnownFileType = sourcecode.c.h; path = PlayerModel.h; sourceTree = "<group>"; };
		339ABF0129CAAE6400F206B4 /* PlayerModel.m */ = {isa = PBXFileReference; lastKnownFileType = sourcecode.c.objc; path = PlayerModel.m; sourceTree = "<group>"; };
/* End PBXFileReference section */

/* Begin PBXFrameworksBuildPhase section */
		339ABEC129C8091E00F206B4 /* Frameworks */ = {
			isa = PBXFrameworksBuildPhase;
			buildActionMask = 2147483647;
			files = (
			);
			runOnlyForDeploymentPostprocessing = 0;
		};
/* End PBXFrameworksBuildPhase section */

/* Begin PBXGroup section */
		339ABEBB29C8091E00F206B4 = {
			isa = PBXGroup;
			children = (
				339ABEC629C8091E00F206B4 /* minesweeper */,
				339ABEC529C8091E00F206B4 /* Products */,
			);
			sourceTree = "<group>";
		};
		339ABEC529C8091E00F206B4 /* Products */ = {
			isa = PBXGroup;
			children = (
				339ABEC429C8091E00F206B4 /* minesweeper.app */,
			);
			name = Products;
			sourceTree = "<group>";
		};
		339ABEC629C8091E00F206B4 /* minesweeper */ = {
			isa = PBXGroup;
			children = (
				339ABEC729C8091E00F206B4 /* AppDelegate.h */,
				339ABEC829C8091E00F206B4 /* AppDelegate.m */,
				339ABECA29C8091E00F206B4 /* SceneDelegate.h */,
				339ABECB29C8091E00F206B4 /* SceneDelegate.m */,
				339ABECD29C8091E00F206B4 /* ViewController.h */,
				339ABECE29C8091E00F206B4 /* ViewController.m */,
				339ABED029C8091E00F206B4 /* Main.storyboard */,
				339ABED329C8092000F206B4 /* Assets.xcassets */,
				339ABED529C8092000F206B4 /* LaunchScreen.storyboard */,
				339ABED829C8092000F206B4 /* Info.plist */,
				339ABED929C8092000F206B4 /* main.m */,
				339ABEE029C9BD2400F206B4 /* CellView.m */,
				339ABEE329C9BD7500F206B4 /* CellView.h */,
				339ABEE429C9BE8300F206B4 /* DigitView.h */,
				339ABEE529C9BEFB00F206B4 /* DigitView.m */,
				339ABEE729CA9FC300F206B4 /* InformationView.h */,
				339ABEE829CAA02600F206B4 /* InformationView.m */,
				339ABEEA29CAA2D500F206B4 /* GameView.h */,
				339ABEEB29CAA2FC00F206B4 /* GameView.m */,
				339ABEED29CAA34A00F206B4 /* GameDelegate.h */,
				339ABEEE29CAA91E00F206B4 /* ListViewController.h */,
				339ABEEF29CAA93900F206B4 /* ListViewController.m */,
				339ABEF129CAA95A00F206B4 /* Record.h */,
				339ABEF229CAA97100F206B4 /* Record.m */,
				339ABEF429CAAA6600F206B4 /* RecordList.h */,
				339ABEF529CAAA8F00F206B4 /* RecordList.m */,
				339ABEF729CAAD2F00F206B4 /* InstructionViewController.h */,
				339ABEF829CAAD4D00F206B4 /* InstructionViewController.m */,
				339ABEFA29CAADAA00F206B4 /* DragExitGestureRecognizer.h */,
				339ABEFB29CAADDE00F206B4 /* DragExitGestureRecognizer.m */,
				339ABEFD29CAAE0600F206B4 /* PressGestureRecognizer.h */,
				339ABEFE29CAAE3300F206B4 /* PressGestureRecognizer.m */,
				339ABF0029CAAE5A00F206B4 /* PlayerModel.h */,
				339ABF0129CAAE6400F206B4 /* PlayerModel.m */,
			);
			path = minesweeper;
			sourceTree = "<group>";
		};
/* End PBXGroup section */

/* Begin PBXNativeTarget section */
		339ABEC329C8091E00F206B4 /* minesweeper */ = {
			isa = PBXNativeTarget;
			buildConfigurationList = 339ABEDD29C8092000F206B4 /* Build configuration list for PBXNativeTarget "minesweeper" */;
			buildPhases = (
				339ABEC029C8091E00F206B4 /* Sources */,
				339ABEC129C8091E00F206B4 /* Frameworks */,
				339ABEC229C8091E00F206B4 /* Resources */,
			);
			buildRules = (
			);
			dependencies = (
			);
			name = minesweeper;
			productName = minesweeper;
			productReference = 339ABEC429C8091E00F206B4 /* minesweeper.app */;
			productType = "com.apple.product-type.application";
		};
/* End PBXNativeTarget section */

/* Begin PBXProject section */
		339ABEBC29C8091E00F206B4 /* Project object */ = {
			isa = PBXProject;
			attributes = {
				BuildIndependentTargetsInParallel = 1;
				LastUpgradeCheck = 1420;
				TargetAttributes = {
					339ABEC329C8091E00F206B4 = {
						CreatedOnToolsVersion = 14.2;
					};
				};
			};
			buildConfigurationList = 339ABEBF29C8091E00F206B4 /* Build configuration list for PBXProject "minesweeper" */;
			compatibilityVersion = "Xcode 14.0";
			developmentRegion = en;
			hasScannedForEncodings = 0;
			knownRegions = (
				en,
				Base,
			);
			mainGroup = 339ABEBB29C8091E00F206B4;
			productRefGroup = 339ABEC529C8091E00F206B4 /* Products */;
			projectDirPath = "";
			projectRoot = "";
			targets = (
				339ABEC329C8091E00F206B4 /* minesweeper */,
			);
		};
/* End PBXProject section */

/* Begin PBXResourcesBuildPhase section */
		339ABEC229C8091E00F206B4 /* Resources */ = {
			isa = PBXResourcesBuildPhase;
			buildActionMask = 2147483647;
			files = (
				339ABED729C8092000F206B4 /* LaunchScreen.storyboard in Resources */,
				339ABED429C8092000F206B4 /* Assets.xcassets in Resources */,
				339ABED229C8091E00F206B4 /* Main.storyboard in Resources */,
			);
			runOnlyForDeploymentPostprocessing = 0;
		};
/* End PBXResourcesBuildPhase section */

/* Begin PBXSourcesBuildPhase section */
		339ABEC029C8091E00F206B4 /* Sources */ = {
			isa = PBXSourcesBuildPhase;
			buildActionMask = 2147483647;
			files = (
				339ABEF329CAA97100F206B4 /* Record.m in Sources */,
				339ABEFF29CAAE3300F206B4 /* PressGestureRecognizer.m in Sources */,
				339ABEE929CAA02600F206B4 /* InformationView.m in Sources */,
				339ABF0229CAAE6400F206B4 /* PlayerModel.m in Sources */,
				339ABEF629CAAA8F00F206B4 /* RecordList.m in Sources */,
				339ABECF29C8091E00F206B4 /* ViewController.m in Sources */,
				339ABEF029CAA93900F206B4 /* ListViewController.m in Sources */,
				339ABEEC29CAA2FC00F206B4 /* GameView.m in Sources */,
				339ABEC929C8091E00F206B4 /* AppDelegate.m in Sources */,
				339ABEFC29CAADDE00F206B4 /* DragExitGestureRecognizer.m in Sources */,
				339ABEF929CAAD4D00F206B4 /* InstructionViewController.m in Sources */,
				339ABEE629C9BEFB00F206B4 /* DigitView.m in Sources */,
				339ABEE129C9BD2400F206B4 /* CellView.m in Sources */,
				339ABEDA29C8092000F206B4 /* main.m in Sources */,
				339ABECC29C8091E00F206B4 /* SceneDelegate.m in Sources */,
			);
			runOnlyForDeploymentPostprocessing = 0;
		};
/* End PBXSourcesBuildPhase section */

/* Begin PBXVariantGroup section */
		339ABED029C8091E00F206B4 /* Main.storyboard */ = {
			isa = PBXVariantGroup;
			children = (
				339ABED129C8091E00F206B4 /* Base */,
			);
			name = Main.storyboard;
			sourceTree = "<group>";
		};
		339ABED529C8092000F206B4 /* LaunchScreen.storyboard */ = {
			isa = PBXVariantGroup;
			children = (
				339ABED629C8092000F206B4 /* Base */,
			);
			name = LaunchScreen.storyboard;
			sourceTree = "<group>";
		};
/* End PBXVariantGroup section */

/* Begin XCBuildConfiguration section */
		339ABEDB29C8092000F206B4 /* Debug */ = {
			isa = XCBuildConfiguration;
			buildSettings = {
				ALWAYS_SEARCH_USER_PATHS = NO;
				CLANG_ANALYZER_NONNULL = YES;
				CLANG_ANALYZER_NUMBER_OBJECT_CONVERSION = YES_AGGRESSIVE;
				CLANG_CXX_LANGUAGE_STANDARD = "gnu++20";
				CLANG_ENABLE_MODULES = YES;
				CLANG_ENABLE_OBJC_ARC = YES;
				CLANG_ENABLE_OBJC_WEAK = YES;
				CLANG_WARN_BLOCK_CAPTURE_AUTORELEASING = YES;
				CLANG_WARN_BOOL_CONVERSION = YES;
				CLANG_WARN_COMMA = YES;
				CLANG_WARN_CONSTANT_CONVERSION = YES;
				CLANG_WARN_DEPRECATED_OBJC_IMPLEMENTATIONS = YES;
				CLANG_WARN_DIRECT_OBJC_ISA_USAGE = YES_ERROR;
				CLANG_WARN_DOCUMENTATION_COMMENTS = YES;
				CLANG_WARN_EMPTY_BODY = YES;
				CLANG_WARN_ENUM_CONVERSION = YES;
				CLANG_WARN_INFINITE_RECURSION = YES;
				CLANG_WARN_INT_CONVERSION = YES;
				CLANG_WARN_NON_LITERAL_NULL_CONVERSION = YES;
				CLANG_WARN_OBJC_IMPLICIT_RETAIN_SELF = YES;
				CLANG_WARN_OBJC_LITERAL_CONVERSION = YES;
				CLANG_WARN_OBJC_ROOT_CLASS = YES_ERROR;
				CLANG_WARN_QUOTED_INCLUDE_IN_FRAMEWORK_HEADER = YES;
				CLANG_WARN_RANGE_LOOP_ANALYSIS = YES;
				CLANG_WARN_STRICT_PROTOTYPES = YES;
				CLANG_WARN_SUSPICIOUS_MOVE = YES;
				CLANG_WARN_UNGUARDED_AVAILABILITY = YES_AGGRESSIVE;
				CLANG_WARN_UNREACHABLE_CODE = YES;
				CLANG_WARN__DUPLICATE_METHOD_MATCH = YES;
				COPY_PHASE_STRIP = NO;
				DEBUG_INFORMATION_FORMAT = dwarf;
				ENABLE_STRICT_OBJC_MSGSEND = YES;
				ENABLE_TESTABILITY = YES;
				GCC_C_LANGUAGE_STANDARD = gnu11;
				GCC_DYNAMIC_NO_PIC = NO;
				GCC_NO_COMMON_BLOCKS = YES;
				GCC_OPTIMIZATION_LEVEL = 0;
				GCC_PREPROCESSOR_DEFINITIONS = (
					"DEBUG=1",
					"$(inherited)",
				);
				GCC_WARN_64_TO_32_BIT_CONVERSION = YES;
				GCC_WARN_ABOUT_RETURN_TYPE = YES_ERROR;
				GCC_WARN_UNDECLARED_SELECTOR = YES;
				GCC_WARN_UNINITIALIZED_AUTOS = YES_AGGRESSIVE;
				GCC_WARN_UNUSED_FUNCTION = YES;
				GCC_WARN_UNUSED_VARIABLE = YES;
				IPHONEOS_DEPLOYMENT_TARGET = 16.2;
				MTL_ENABLE_DEBUG_INFO = INCLUDE_SOURCE;
				MTL_FAST_MATH = YES;
				ONLY_ACTIVE_ARCH = YES;
				SDKROOT = iphoneos;
			};
			name = Debug;
		};
		339ABEDC29C8092000F206B4 /* Release */ = {
			isa = XCBuildConfiguration;
			buildSettings = {
				ALWAYS_SEARCH_USER_PATHS = NO;
				CLANG_ANALYZER_NONNULL = YES;
				CLANG_ANALYZER_NUMBER_OBJECT_CONVERSION = YES_AGGRESSIVE;
				CLANG_CXX_LANGUAGE_STANDARD = "gnu++20";
				CLANG_ENABLE_MODULES = YES;
				CLANG_ENABLE_OBJC_ARC = YES;
				CLANG_ENABLE_OBJC_WEAK = YES;
				CLANG_WARN_BLOCK_CAPTURE_AUTORELEASING = YES;
				CLANG_WARN_BOOL_CONVERSION = YES;
				CLANG_WARN_COMMA = YES;
				CLANG_WARN_CONSTANT_CONVERSION = YES;
				CLANG_WARN_DEPRECATED_OBJC_IMPLEMENTATIONS = YES;
				CLANG_WARN_DIRECT_OBJC_ISA_USAGE = YES_ERROR;
				CLANG_WARN_DOCUMENTATION_COMMENTS = YES;
				CLANG_WARN_EMPTY_BODY = YES;
				CLANG_WARN_ENUM_CONVERSION = YES;
				CLANG_WARN_INFINITE_RECURSION = YES;
				CLANG_WARN_INT_CONVERSION = YES;
				CLANG_WARN_NON_LITERAL_NULL_CONVERSION = YES;
				CLANG_WARN_OBJC_IMPLICIT_RETAIN_SELF = YES;
				CLANG_WARN_OBJC_LITERAL_CONVERSION = YES;
				CLANG_WARN_OBJC_ROOT_CLASS = YES_ERROR;
				CLANG_WARN_QUOTED_INCLUDE_IN_FRAMEWORK_HEADER = YES;
				CLANG_WARN_RANGE_LOOP_ANALYSIS = YES;
				CLANG_WARN_STRICT_PROTOTYPES = YES;
				CLANG_WARN_SUSPICIOUS_MOVE = YES;
				CLANG_WARN_UNGUARDED_AVAILABILITY = YES_AGGRESSIVE;
				CLANG_WARN_UNREACHABLE_CODE = YES;
				CLANG_WARN__DUPLICATE_METHOD_MATCH = YES;
				COPY_PHASE_STRIP = NO;
				DEBUG_INFORMATION_FORMAT = "dwarf-with-dsym";
				ENABLE_NS_ASSERTIONS = NO;
				ENABLE_STRICT_OBJC_MSGSEND = YES;
				GCC_C_LANGUAGE_STANDARD = gnu11;
				GCC_NO_COMMON_BLOCKS = YES;
				GCC_WARN_64_TO_32_BIT_CONVERSION = YES;
				GCC_WARN_ABOUT_RETURN_TYPE = YES_ERROR;
				GCC_WARN_UNDECLARED_SELECTOR = YES;
				GCC_WARN_UNINITIALIZED_AUTOS = YES_AGGRESSIVE;
				GCC_WARN_UNUSED_FUNCTION = YES;
				GCC_WARN_UNUSED_VARIABLE = YES;
				IPHONEOS_DEPLOYMENT_TARGET = 16.2;
				MTL_ENABLE_DEBUG_INFO = NO;
				MTL_FAST_MATH = YES;
				SDKROOT = iphoneos;
				VALIDATE_PRODUCT = YES;
			};
			name = Release;
		};
		339ABEDE29C8092000F206B4 /* Debug */ = {
			isa = XCBuildConfiguration;
			buildSettings = {
				ASSETCATALOG_COMPILER_APPICON_NAME = AppIcon;
				ASSETCATALOG_COMPILER_GLOBAL_ACCENT_COLOR_NAME = AccentColor;
				CODE_SIGN_STYLE = Automatic;
				CURRENT_PROJECT_VERSION = 1;
				GENERATE_INFOPLIST_FILE = YES;
				INFOPLIST_FILE = minesweeper/Info.plist;
				INFOPLIST_KEY_UIApplicationSupportsIndirectInputEvents = YES;
				INFOPLIST_KEY_UILaunchStoryboardName = LaunchScreen;
				INFOPLIST_KEY_UIMainStoryboardFile = Main;
				INFOPLIST_KEY_UISupportedInterfaceOrientations_iPad = "UIInterfaceOrientationPortrait UIInterfaceOrientationPortraitUpsideDown UIInterfaceOrientationLandscapeLeft UIInterfaceOrientationLandscapeRight";
				INFOPLIST_KEY_UISupportedInterfaceOrientations_iPhone = "UIInterfaceOrientationPortrait UIInterfaceOrientationLandscapeLeft UIInterfaceOrientationLandscapeRight";
				LD_RUNPATH_SEARCH_PATHS = (
					"$(inherited)",
					"@executable_path/Frameworks",
				);
				MARKETING_VERSION = 1.0;
				PRODUCT_BUNDLE_IDENTIFIER = com.minesweeper;
				PRODUCT_NAME = "$(TARGET_NAME)";
				SWIFT_EMIT_LOC_STRINGS = YES;
				TARGETED_DEVICE_FAMILY = "1,2";
			};
			name = Debug;
		};
		339ABEDF29C8092000F206B4 /* Release */ = {
			isa = XCBuildConfiguration;
			buildSettings = {
				ASSETCATALOG_COMPILER_APPICON_NAME = AppIcon;
				ASSETCATALOG_COMPILER_GLOBAL_ACCENT_COLOR_NAME = AccentColor;
				CODE_SIGN_STYLE = Automatic;
				CURRENT_PROJECT_VERSION = 1;
				GENERATE_INFOPLIST_FILE = YES;
				INFOPLIST_FILE = minesweeper/Info.plist;
				INFOPLIST_KEY_UIApplicationSupportsIndirectInputEvents = YES;
				INFOPLIST_KEY_UILaunchStoryboardName = LaunchScreen;
				INFOPLIST_KEY_UIMainStoryboardFile = Main;
				INFOPLIST_KEY_UISupportedInterfaceOrientations_iPad = "UIInterfaceOrientationPortrait UIInterfaceOrientationPortraitUpsideDown UIInterfaceOrientationLandscapeLeft UIInterfaceOrientationLandscapeRight";
				INFOPLIST_KEY_UISupportedInterfaceOrientations_iPhone = "UIInterfaceOrientationPortrait UIInterfaceOrientationLandscapeLeft UIInterfaceOrientationLandscapeRight";
				LD_RUNPATH_SEARCH_PATHS = (
					"$(inherited)",
					"@executable_path/Frameworks",
				);
				MARKETING_VERSION = 1.0;
				PRODUCT_BUNDLE_IDENTIFIER = com.minesweeper;
				PRODUCT_NAME = "$(TARGET_NAME)";
				SWIFT_EMIT_LOC_STRINGS = YES;
				TARGETED_DEVICE_FAMILY = "1,2";
			};
			name = Release;
		};
/* End XCBuildConfiguration section */

/* Begin XCConfigurationList section */
		339ABEBF29C8091E00F206B4 /* Build configuration list for PBXProject "minesweeper" */ = {
			isa = XCConfigurationList;
			buildConfigurations = (
				339ABEDB29C8092000F206B4 /* Debug */,
				339ABEDC29C8092000F206B4 /* Release */,
			);
			defaultConfigurationIsVisible = 0;
			defaultConfigurationName = Release;
		};
		339ABEDD29C8092000F206B4 /* Build configuration list for PBXNativeTarget "minesweeper" */ = {
			isa = XCConfigurationList;
			buildConfigurations = (
				339ABEDE29C8092000F206B4 /* Debug */,
				339ABEDF29C8092000F206B4 /* Release */,
			);
			defaultConfigurationIsVisible = 0;
			defaultConfigurationName = Release;
		};
/* End XCConfigurationList section */
	};
	rootObject = 339ABEBC29C8091E00F206B4 /* Project object */;
}
